
Microsoft Visual Studio Solution File, Format Version 12.00
# Visual Studio Version 16
VisualStudioVersion = 16.0.31205.134
MinimumVisualStudioVersion = 10.0.40219.1
Project("{2150E333-8FDC-42A3-9474-1A3956D46DE8}") = "_Solution files", "_Solution files", "{D9F621F9-13FB-4DDD-A920-513B2B42D49B}"
EndProject
Project("{2150E333-8FDC-42A3-9474-1A3956D46DE8}") = "Plugins", "Plugins", "{F6A087AD-4D25-45E8-A0D4-9D748C19D1EE}"
EndProject
Project("{FAE04EC0-301F-11D3-BF4B-00C04F79EFBC}") = "SuperMemoAssistant.Plugins.MouseoverWiki", "src\SuperMemoAssistant.Plugins.MouseoverWiki\SuperMemoAssistant.Plugins.MouseoverWiki.csproj", "{2B0910FD-2A7F-403D-8625-21EBCB0649EB}"
EndProject
Project("{FAE04EC0-301F-11D3-BF4B-00C04F79EFBC}") = "MouseoverPopupInterfaces", "..\MouseoverPopupInterfaces\MouseoverPopupInterfaces.csproj", "{9E31C6FE-1D51-4EB9-B5E4-6749D5134695}"
EndProject
Global
	GlobalSection(SolutionConfigurationPlatforms) = preSolution
		1. Alpha (Debug)|Any CPU = 1. Alpha (Debug)|Any CPU
		2. Beta (Release)|Any CPU = 2. Beta (Release)|Any CPU
		3. Stable (Release)|Any CPU = 3. Stable (Release)|Any CPU
		Debug|Any CPU = Debug|Any CPU
		Release|Any CPU = Release|Any CPU
	EndGlobalSection
	GlobalSection(ProjectConfigurationPlatforms) = postSolution
		{2B0910FD-2A7F-403D-8625-21EBCB0649EB}.1. Alpha (Debug)|Any CPU.ActiveCfg = Debug|Any CPU
		{2B0910FD-2A7F-403D-8625-21EBCB0649EB}.1. Alpha (Debug)|Any CPU.Build.0 = Debug|Any CPU
		{2B0910FD-2A7F-403D-8625-21EBCB0649EB}.2. Beta (Release)|Any CPU.ActiveCfg = Release|Any CPU
		{2B0910FD-2A7F-403D-8625-21EBCB0649EB}.2. Beta (Release)|Any CPU.Build.0 = Release|Any CPU
		{2B0910FD-2A7F-403D-8625-21EBCB0649EB}.3. Stable (Release)|Any CPU.ActiveCfg = Release|Any CPU
		{2B0910FD-2A7F-403D-8625-21EBCB0649EB}.3. Stable (Release)|Any CPU.Build.0 = Release|Any CPU
		{2B0910FD-2A7F-403D-8625-21EBCB0649EB}.Debug|Any CPU.ActiveCfg = Debug|Any CPU
		{2B0910FD-2A7F-403D-8625-21EBCB0649EB}.Debug|Any CPU.Build.0 = Debug|Any CPU
		{2B0910FD-2A7F-403D-8625-21EBCB0649EB}.Release|Any CPU.ActiveCfg = Release|Any CPU
		{2B0910FD-2A7F-403D-8625-21EBCB0649EB}.Release|Any CPU.Build.0 = Release|Any CPU
		{9E31C6FE-1D51-4EB9-B5E4-6749D5134695}.1. Alpha (Debug)|Any CPU.ActiveCfg = Debug|Any CPU
		{9E31C6FE-1D51-4EB9-B5E4-6749D5134695}.1. Alpha (Debug)|Any CPU.Build.0 = Debug|Any CPU
		{9E31C6FE-1D51-4EB9-B5E4-6749D5134695}.2. Beta (Release)|Any CPU.ActiveCfg = Release|Any CPU
		{9E31C6FE-1D51-4EB9-B5E4-6749D5134695}.2. Beta (Release)|Any CPU.Build.0 = Release|Any CPU
		{9E31C6FE-1D51-4EB9-B5E4-6749D5134695}.3. Stable (Release)|Any CPU.ActiveCfg = Release|Any CPU
		{9E31C6FE-1D51-4EB9-B5E4-6749D5134695}.3. Stable (Release)|Any CPU.Build.0 = Release|Any CPU
		{9E31C6FE-1D51-4EB9-B5E4-6749D5134695}.Debug|Any CPU.ActiveCfg = Debug|Any CPU
		{9E31C6FE-1D51-4EB9-B5E4-6749D5134695}.Debug|Any CPU.Build.0 = Debug|Any CPU
		{9E31C6FE-1D51-4EB9-B5E4-6749D5134695}.Release|Any CPU.ActiveCfg = Release|Any CPU
		{9E31C6FE-1D51-4EB9-B5E4-6749D5134695}.Release|Any CPU.Build.0 = Release|Any CPU
	EndGlobalSection
	GlobalSection(SolutionProperties) = preSolution
		HideSolutionNode = FALSE
	EndGlobalSection
	GlobalSection(NestedProjects) = preSolution
		{2B0910FD-2A7F-403D-8625-21EBCB0649EB} = {F6A087AD-4D25-45E8-A0D4-9D748C19D1EE}
	EndGlobalSection
	GlobalSection(ExtensibilityGlobals) = postSolution
		SolutionGuid = {6AD2837F-7DF6-429F-81CD-6E35AF0FCCDB}
	EndGlobalSection
EndGlobal
