
Microsoft Visual Studio Solution File, Format Version 12.00
# Visual Studio Version 16
VisualStudioVersion = 16.0.29905.134
MinimumVisualStudioVersion = 10.0.40219.1
Project("{2150E333-8FDC-42A3-9474-1A3956D46DE8}") = "_Solution files", "_Solution files", "{5F20FAB7-E865-4581-A439-A228226BCDA2}"
EndProject
Project("{2150E333-8FDC-42A3-9474-1A3956D46DE8}") = "Plugins", "Plugins", "{4F4FC8BF-82BC-45B7-B8F7-18DD1FA56BF4}"
EndProject
Project("{9A19103F-16F7-4668-BE54-9A1E7A4F7556}") = "SuperMemoAssistant.Plugins.MouseOverWiki", "src\SuperMemoAssistant.Plugins.MouseOverWiki\SuperMemoAssistant.Plugins.MouseOverWiki.csproj", "{5BFD1875-E5CC-49FA-8BD5-04F0B2CDED98}"
EndProject
Project("{2150E333-8FDC-42A3-9474-1A3956D46DE8}") = "Tests", "Tests", "{44163DE5-10F0-4C8A-B26D-5E37563C5FE9}"
EndProject
Project("{9A19103F-16F7-4668-BE54-9A1E7A4F7556}") = "SuperMemoAssistant.Plugins.MouseOverWiki.Tests", "src\SuperMemoAssistant.Plugins.MouseOverWiki.Tests\SuperMemoAssistant.Plugins.MouseOverWiki.Tests.csproj", "{269982E5-F6AF-4D5E-9114-17E95355D40C}"
EndProject
Project("{FAE04EC0-301F-11D3-BF4B-00C04F79EFBC}") = "MouseoverPopupInterfaces", "..\MouseoverPopupInterfaces\MouseoverPopupInterfaces.csproj", "{9E31C6FE-1D51-4EB9-B5E4-6749D5134695}"
EndProject
Global
	GlobalSection(SolutionConfigurationPlatforms) = preSolution
		1. Alpha (Debug)|Any CPU = 1. Alpha (Debug)|Any CPU
		2. Beta (Release)|Any CPU = 2. Beta (Release)|Any CPU
		3. Stable (Release)|Any CPU = 3. Stable (Release)|Any CPU
		Debug|Any CPU = Debug|Any CPU
		Release|Any CPU = Release|Any CPU
	EndGlobalSection
	GlobalSection(ProjectConfigurationPlatforms) = postSolution
		{5BFD1875-E5CC-49FA-8BD5-04F0B2CDED98}.1. Alpha (Debug)|Any CPU.ActiveCfg = Debug|Any CPU
		{5BFD1875-E5CC-49FA-8BD5-04F0B2CDED98}.1. Alpha (Debug)|Any CPU.Build.0 = Debug|Any CPU
		{5BFD1875-E5CC-49FA-8BD5-04F0B2CDED98}.2. Beta (Release)|Any CPU.ActiveCfg = Release|Any CPU
		{5BFD1875-E5CC-49FA-8BD5-04F0B2CDED98}.2. Beta (Release)|Any CPU.Build.0 = Release|Any CPU
		{5BFD1875-E5CC-49FA-8BD5-04F0B2CDED98}.3. Stable (Release)|Any CPU.ActiveCfg = Release|Any CPU
		{5BFD1875-E5CC-49FA-8BD5-04F0B2CDED98}.3. Stable (Release)|Any CPU.Build.0 = Release|Any CPU
		{5BFD1875-E5CC-49FA-8BD5-04F0B2CDED98}.Debug|Any CPU.ActiveCfg = Debug|Any CPU
		{5BFD1875-E5CC-49FA-8BD5-04F0B2CDED98}.Debug|Any CPU.Build.0 = Debug|Any CPU
		{5BFD1875-E5CC-49FA-8BD5-04F0B2CDED98}.Release|Any CPU.ActiveCfg = Release|Any CPU
		{5BFD1875-E5CC-49FA-8BD5-04F0B2CDED98}.Release|Any CPU.Build.0 = Release|Any CPU
		{269982E5-F6AF-4D5E-9114-17E95355D40C}.1. Alpha (Debug)|Any CPU.ActiveCfg = Debug|Any CPU
		{269982E5-F6AF-4D5E-9114-17E95355D40C}.1. Alpha (Debug)|Any CPU.Build.0 = Debug|Any CPU
		{269982E5-F6AF-4D5E-9114-17E95355D40C}.2. Beta (Release)|Any CPU.ActiveCfg = Release|Any CPU
		{269982E5-F6AF-4D5E-9114-17E95355D40C}.2. Beta (Release)|Any CPU.Build.0 = Release|Any CPU
		{269982E5-F6AF-4D5E-9114-17E95355D40C}.3. Stable (Release)|Any CPU.ActiveCfg = Release|Any CPU
		{269982E5-F6AF-4D5E-9114-17E95355D40C}.3. Stable (Release)|Any CPU.Build.0 = Release|Any CPU
		{269982E5-F6AF-4D5E-9114-17E95355D40C}.Debug|Any CPU.ActiveCfg = Debug|Any CPU
		{269982E5-F6AF-4D5E-9114-17E95355D40C}.Debug|Any CPU.Build.0 = Debug|Any CPU
		{269982E5-F6AF-4D5E-9114-17E95355D40C}.Release|Any CPU.ActiveCfg = Release|Any CPU
		{269982E5-F6AF-4D5E-9114-17E95355D40C}.Release|Any CPU.Build.0 = Release|Any CPU
		{9E31C6FE-1D51-4EB9-B5E4-6749D5134695}.1. Alpha (Debug)|Any CPU.ActiveCfg = Debug|Any CPU
		{9E31C6FE-1D51-4EB9-B5E4-6749D5134695}.1. Alpha (Debug)|Any CPU.Build.0 = Debug|Any CPU
		{9E31C6FE-1D51-4EB9-B5E4-6749D5134695}.2. Beta (Release)|Any CPU.ActiveCfg = Release|Any CPU
		{9E31C6FE-1D51-4EB9-B5E4-6749D5134695}.2. Beta (Release)|Any CPU.Build.0 = Release|Any CPU
		{9E31C6FE-1D51-4EB9-B5E4-6749D5134695}.3. Stable (Release)|Any CPU.ActiveCfg = Release|Any CPU
		{9E31C6FE-1D51-4EB9-B5E4-6749D5134695}.3. Stable (Release)|Any CPU.Build.0 = Release|Any CPU
		{9E31C6FE-1D51-4EB9-B5E4-6749D5134695}.Debug|Any CPU.ActiveCfg = Debug|Any CPU
		{9E31C6FE-1D51-4EB9-B5E4-6749D5134695}.Debug|Any CPU.Build.0 = Debug|Any CPU
		{9E31C6FE-1D51-4EB9-B5E4-6749D5134695}.Release|Any CPU.ActiveCfg = Release|Any CPU
		{9E31C6FE-1D51-4EB9-B5E4-6749D5134695}.Release|Any CPU.Build.0 = Release|Any CPU
	EndGlobalSection
	GlobalSection(SolutionProperties) = preSolution
		HideSolutionNode = FALSE
	EndGlobalSection
	GlobalSection(NestedProjects) = preSolution
		{5BFD1875-E5CC-49FA-8BD5-04F0B2CDED98} = {4F4FC8BF-82BC-45B7-B8F7-18DD1FA56BF4}
		{269982E5-F6AF-4D5E-9114-17E95355D40C} = {44163DE5-10F0-4C8A-B26D-5E37563C5FE9}
	EndGlobalSection
	GlobalSection(ExtensibilityGlobals) = postSolution
		SolutionGuid = {EB5CAFE0-E89D-482D-8C16-CEEC802D87F8}
	EndGlobalSection
EndGlobal
